
Microsoft Visual Studio Solution File, Format Version 12.00
# Visual Studio Version 17
VisualStudioVersion = 17.9.34728.123
MinimumVisualStudioVersion = 10.0.40219.1
Project("{9A19103F-16F7-4668-BE54-9A1E7A4F7556}") = "System", "System\System.csproj", "{8083ADC6-AFB3-407B-A54C-50C8E8976142}"
EndProject
Project("{9A19103F-16F7-4668-BE54-9A1E7A4F7556}") = "Web", "Web\Web.csproj", "{3872357E-B751-4C1B-AFD7-E4883E2FBB4C}"
EndProject
Project("{FAE04EC0-301F-11D3-BF4B-00C04F79EFBC}") = "System.Test", "System.Test\System.Test.csproj", "{1501A81F-3308-4471-BCDF-113AC9BF13EA}"
EndProject
Project("{FAE04EC0-301F-11D3-BF4B-00C04F79EFBC}") = "Web.Test", "Web.Test\Web.Test.csproj", "{69DD9B31-30B7-43FC-A43B-462FDB56A4FF}"
EndProject
Global
	GlobalSection(SolutionConfigurationPlatforms) = preSolution
		Debug|Any CPU = Debug|Any CPU
		Release|Any CPU = Release|Any CPU
	EndGlobalSection
	GlobalSection(ProjectConfigurationPlatforms) = postSolution
		{8083ADC6-AFB3-407B-A54C-50C8E8976142}.Debug|Any CPU.ActiveCfg = Debug|Any CPU
		{8083ADC6-AFB3-407B-A54C-50C8E8976142}.Debug|Any CPU.Build.0 = Debug|Any CPU
		{8083ADC6-AFB3-407B-A54C-50C8E8976142}.Release|Any CPU.ActiveCfg = Release|Any CPU
		{8083ADC6-AFB3-407B-A54C-50C8E8976142}.Release|Any CPU.Build.0 = Release|Any CPU
		{3872357E-B751-4C1B-AFD7-E4883E2FBB4C}.Debug|Any CPU.ActiveCfg = Debug|Any CPU
		{3872357E-B751-4C1B-AFD7-E4883E2FBB4C}.Debug|Any CPU.Build.0 = Debug|Any CPU
		{3872357E-B751-4C1B-AFD7-E4883E2FBB4C}.Release|Any CPU.ActiveCfg = Release|Any CPU
		{3872357E-B751-4C1B-AFD7-E4883E2FBB4C}.Release|Any CPU.Build.0 = Release|Any CPU
		{1501A81F-3308-4471-BCDF-113AC9BF13EA}.Debug|Any CPU.ActiveCfg = Debug|Any CPU
		{1501A81F-3308-4471-BCDF-113AC9BF13EA}.Debug|Any CPU.Build.0 = Debug|Any CPU
		{1501A81F-3308-4471-BCDF-113AC9BF13EA}.Release|Any CPU.ActiveCfg = Release|Any CPU
		{1501A81F-3308-4471-BCDF-113AC9BF13EA}.Release|Any CPU.Build.0 = Release|Any CPU
		{69DD9B31-30B7-43FC-A43B-462FDB56A4FF}.Debug|Any CPU.ActiveCfg = Debug|Any CPU
		{69DD9B31-30B7-43FC-A43B-462FDB56A4FF}.Debug|Any CPU.Build.0 = Debug|Any CPU
		{69DD9B31-30B7-43FC-A43B-462FDB56A4FF}.Release|Any CPU.ActiveCfg = Release|Any CPU
		{69DD9B31-30B7-43FC-A43B-462FDB56A4FF}.Release|Any CPU.Build.0 = Release|Any CPU
	EndGlobalSection
	GlobalSection(SolutionProperties) = preSolution
		HideSolutionNode = FALSE
	EndGlobalSection
	GlobalSection(ExtensibilityGlobals) = postSolution
		SolutionGuid = {D96B448B-996B-42CE-B038-4739696F8E49}
	EndGlobalSection
EndGlobal
